
Microsoft Visual Studio Solution File, Format Version 12.00
# Visual Studio 15
VisualStudioVersion = 15.0.26124.0
MinimumVisualStudioVersion = 15.0.26124.0
Project("{FAE04EC0-301F-11D3-BF4B-00C04F79EFBC}") = "api", "Api\api.csproj", "{7ABD28EB-62D9-47BC-AFE0-7FC52908F44F}"
EndProject
Project("{FAE04EC0-301F-11D3-BF4B-00C04F79EFBC}") = "finder", "GeneticAlgorithm\GeneticAlgorithm.csproj", "{DBD3A197-58AE-4562-9644-9F5E1329DB5B}"
EndProject
Project("{FAE04EC0-301F-11D3-BF4B-00C04F79EFBC}") = "Tests", "Tests\Tests.csproj", "{10BAAD01-E1E5-4A00-B6DA-EC0C176177B4}"
EndProject
Project("{FAE04EC0-301F-11D3-BF4B-00C04F79EFBC}") = "Infrastructure", "Infrastructure\Infrastructure.csproj", "{9EB13163-F529-4C4A-A1DD-5F342AB3FB2E}"
EndProject
Project("{FAE04EC0-301F-11D3-BF4B-00C04F79EFBC}") = "Domain", "Domain\Domain.csproj", "{5F314DA8-E8BF-4FC2-AEEC-8A5E1DB67164}"
EndProject
Global
	GlobalSection(SolutionConfigurationPlatforms) = preSolution
		Debug|Any CPU = Debug|Any CPU
		Debug|x64 = Debug|x64
		Debug|x86 = Debug|x86
		Release|Any CPU = Release|Any CPU
		Release|x64 = Release|x64
		Release|x86 = Release|x86
	EndGlobalSection
	GlobalSection(SolutionProperties) = preSolution
		HideSolutionNode = FALSE
	EndGlobalSection
	GlobalSection(ProjectConfigurationPlatforms) = postSolution
		{7ABD28EB-62D9-47BC-AFE0-7FC52908F44F}.Debug|Any CPU.ActiveCfg = Debug|Any CPU
		{7ABD28EB-62D9-47BC-AFE0-7FC52908F44F}.Debug|Any CPU.Build.0 = Debug|Any CPU
		{7ABD28EB-62D9-47BC-AFE0-7FC52908F44F}.Debug|x64.ActiveCfg = Debug|Any CPU
		{7ABD28EB-62D9-47BC-AFE0-7FC52908F44F}.Debug|x64.Build.0 = Debug|Any CPU
		{7ABD28EB-62D9-47BC-AFE0-7FC52908F44F}.Debug|x86.ActiveCfg = Debug|Any CPU
		{7ABD28EB-62D9-47BC-AFE0-7FC52908F44F}.Debug|x86.Build.0 = Debug|Any CPU
		{7ABD28EB-62D9-47BC-AFE0-7FC52908F44F}.Release|Any CPU.ActiveCfg = Release|Any CPU
		{7ABD28EB-62D9-47BC-AFE0-7FC52908F44F}.Release|Any CPU.Build.0 = Release|Any CPU
		{7ABD28EB-62D9-47BC-AFE0-7FC52908F44F}.Release|x64.ActiveCfg = Release|Any CPU
		{7ABD28EB-62D9-47BC-AFE0-7FC52908F44F}.Release|x64.Build.0 = Release|Any CPU
		{7ABD28EB-62D9-47BC-AFE0-7FC52908F44F}.Release|x86.ActiveCfg = Release|Any CPU
		{7ABD28EB-62D9-47BC-AFE0-7FC52908F44F}.Release|x86.Build.0 = Release|Any CPU
		{DBD3A197-58AE-4562-9644-9F5E1329DB5B}.Debug|Any CPU.ActiveCfg = Debug|Any CPU
		{DBD3A197-58AE-4562-9644-9F5E1329DB5B}.Debug|Any CPU.Build.0 = Debug|Any CPU
		{DBD3A197-58AE-4562-9644-9F5E1329DB5B}.Debug|x64.ActiveCfg = Debug|Any CPU
		{DBD3A197-58AE-4562-9644-9F5E1329DB5B}.Debug|x64.Build.0 = Debug|Any CPU
		{DBD3A197-58AE-4562-9644-9F5E1329DB5B}.Debug|x86.ActiveCfg = Debug|Any CPU
		{DBD3A197-58AE-4562-9644-9F5E1329DB5B}.Debug|x86.Build.0 = Debug|Any CPU
		{DBD3A197-58AE-4562-9644-9F5E1329DB5B}.Release|Any CPU.ActiveCfg = Release|Any CPU
		{DBD3A197-58AE-4562-9644-9F5E1329DB5B}.Release|Any CPU.Build.0 = Release|Any CPU
		{DBD3A197-58AE-4562-9644-9F5E1329DB5B}.Release|x64.ActiveCfg = Release|Any CPU
		{DBD3A197-58AE-4562-9644-9F5E1329DB5B}.Release|x64.Build.0 = Release|Any CPU
		{DBD3A197-58AE-4562-9644-9F5E1329DB5B}.Release|x86.ActiveCfg = Release|Any CPU
		{DBD3A197-58AE-4562-9644-9F5E1329DB5B}.Release|x86.Build.0 = Release|Any CPU
		{10BAAD01-E1E5-4A00-B6DA-EC0C176177B4}.Debug|Any CPU.ActiveCfg = Debug|Any CPU
		{10BAAD01-E1E5-4A00-B6DA-EC0C176177B4}.Debug|Any CPU.Build.0 = Debug|Any CPU
		{10BAAD01-E1E5-4A00-B6DA-EC0C176177B4}.Debug|x64.ActiveCfg = Debug|Any CPU
		{10BAAD01-E1E5-4A00-B6DA-EC0C176177B4}.Debug|x64.Build.0 = Debug|Any CPU
		{10BAAD01-E1E5-4A00-B6DA-EC0C176177B4}.Debug|x86.ActiveCfg = Debug|Any CPU
		{10BAAD01-E1E5-4A00-B6DA-EC0C176177B4}.Debug|x86.Build.0 = Debug|Any CPU
		{10BAAD01-E1E5-4A00-B6DA-EC0C176177B4}.Release|Any CPU.ActiveCfg = Release|Any CPU
		{10BAAD01-E1E5-4A00-B6DA-EC0C176177B4}.Release|Any CPU.Build.0 = Release|Any CPU
		{10BAAD01-E1E5-4A00-B6DA-EC0C176177B4}.Release|x64.ActiveCfg = Release|Any CPU
		{10BAAD01-E1E5-4A00-B6DA-EC0C176177B4}.Release|x64.Build.0 = Release|Any CPU
		{10BAAD01-E1E5-4A00-B6DA-EC0C176177B4}.Release|x86.ActiveCfg = Release|Any CPU
		{10BAAD01-E1E5-4A00-B6DA-EC0C176177B4}.Release|x86.Build.0 = Release|Any CPU
		{9EB13163-F529-4C4A-A1DD-5F342AB3FB2E}.Debug|Any CPU.ActiveCfg = Debug|Any CPU
		{9EB13163-F529-4C4A-A1DD-5F342AB3FB2E}.Debug|Any CPU.Build.0 = Debug|Any CPU
		{9EB13163-F529-4C4A-A1DD-5F342AB3FB2E}.Debug|x64.ActiveCfg = Debug|Any CPU
		{9EB13163-F529-4C4A-A1DD-5F342AB3FB2E}.Debug|x64.Build.0 = Debug|Any CPU
		{9EB13163-F529-4C4A-A1DD-5F342AB3FB2E}.Debug|x86.ActiveCfg = Debug|Any CPU
		{9EB13163-F529-4C4A-A1DD-5F342AB3FB2E}.Debug|x86.Build.0 = Debug|Any CPU
		{9EB13163-F529-4C4A-A1DD-5F342AB3FB2E}.Release|Any CPU.ActiveCfg = Release|Any CPU
		{9EB13163-F529-4C4A-A1DD-5F342AB3FB2E}.Release|Any CPU.Build.0 = Release|Any CPU
		{9EB13163-F529-4C4A-A1DD-5F342AB3FB2E}.Release|x64.ActiveCfg = Release|Any CPU
		{9EB13163-F529-4C4A-A1DD-5F342AB3FB2E}.Release|x64.Build.0 = Release|Any CPU
		{9EB13163-F529-4C4A-A1DD-5F342AB3FB2E}.Release|x86.ActiveCfg = Release|Any CPU
		{9EB13163-F529-4C4A-A1DD-5F342AB3FB2E}.Release|x86.Build.0 = Release|Any CPU
		{5F314DA8-E8BF-4FC2-AEEC-8A5E1DB67164}.Debug|Any CPU.ActiveCfg = Debug|Any CPU
		{5F314DA8-E8BF-4FC2-AEEC-8A5E1DB67164}.Debug|Any CPU.Build.0 = Debug|Any CPU
		{5F314DA8-E8BF-4FC2-AEEC-8A5E1DB67164}.Debug|x64.ActiveCfg = Debug|Any CPU
		{5F314DA8-E8BF-4FC2-AEEC-8A5E1DB67164}.Debug|x64.Build.0 = Debug|Any CPU
		{5F314DA8-E8BF-4FC2-AEEC-8A5E1DB67164}.Debug|x86.ActiveCfg = Debug|Any CPU
		{5F314DA8-E8BF-4FC2-AEEC-8A5E1DB67164}.Debug|x86.Build.0 = Debug|Any CPU
		{5F314DA8-E8BF-4FC2-AEEC-8A5E1DB67164}.Release|Any CPU.ActiveCfg = Release|Any CPU
		{5F314DA8-E8BF-4FC2-AEEC-8A5E1DB67164}.Release|Any CPU.Build.0 = Release|Any CPU
		{5F314DA8-E8BF-4FC2-AEEC-8A5E1DB67164}.Release|x64.ActiveCfg = Release|Any CPU
		{5F314DA8-E8BF-4FC2-AEEC-8A5E1DB67164}.Release|x64.Build.0 = Release|Any CPU
		{5F314DA8-E8BF-4FC2-AEEC-8A5E1DB67164}.Release|x86.ActiveCfg = Release|Any CPU
		{5F314DA8-E8BF-4FC2-AEEC-8A5E1DB67164}.Release|x86.Build.0 = Release|Any CPU
	EndGlobalSection
EndGlobal
